
Microsoft Visual Studio Solution File, Format Version 12.00
# Visual Studio Version 17
VisualStudioVersion = 17.7.34024.191
MinimumVisualStudioVersion = 10.0.40219.1
Project("{8BC9CEB8-8B4A-11D0-8D11-00A0C91BC942}") = "Lab №9.1 А", "Lab №9.1 А\Lab №9.1 А.vcxproj", "{8D47CC70-7CED-4829-862C-2476417C5FCE}"
EndProject
Project("{8BC9CEB8-8B4A-11D0-8D11-00A0C91BC942}") = "UnitTest", "UnitTest\UnitTest.vcxproj", "{9A13F498-82D4-4EB1-8589-00F37CDCA930}"
EndProject
Global
	GlobalSection(SolutionConfigurationPlatforms) = preSolution
		Debug|x64 = Debug|x64
		Debug|x86 = Debug|x86
		Release|x64 = Release|x64
		Release|x86 = Release|x86
	EndGlobalSection
	GlobalSection(ProjectConfigurationPlatforms) = postSolution
		{8D47CC70-7CED-4829-862C-2476417C5FCE}.Debug|x64.ActiveCfg = Debug|x64
		{8D47CC70-7CED-4829-862C-2476417C5FCE}.Debug|x64.Build.0 = Debug|x64
		{8D47CC70-7CED-4829-862C-2476417C5FCE}.Debug|x86.ActiveCfg = Debug|Win32
		{8D47CC70-7CED-4829-862C-2476417C5FCE}.Debug|x86.Build.0 = Debug|Win32
		{8D47CC70-7CED-4829-862C-2476417C5FCE}.Release|x64.ActiveCfg = Release|x64
		{8D47CC70-7CED-4829-862C-2476417C5FCE}.Release|x64.Build.0 = Release|x64
		{8D47CC70-7CED-4829-862C-2476417C5FCE}.Release|x86.ActiveCfg = Release|Win32
		{8D47CC70-7CED-4829-862C-2476417C5FCE}.Release|x86.Build.0 = Release|Win32
		{9A13F498-82D4-4EB1-8589-00F37CDCA930}.Debug|x64.ActiveCfg = Debug|x64
		{9A13F498-82D4-4EB1-8589-00F37CDCA930}.Debug|x64.Build.0 = Debug|x64
		{9A13F498-82D4-4EB1-8589-00F37CDCA930}.Debug|x86.ActiveCfg = Debug|Win32
		{9A13F498-82D4-4EB1-8589-00F37CDCA930}.Debug|x86.Build.0 = Debug|Win32
		{9A13F498-82D4-4EB1-8589-00F37CDCA930}.Release|x64.ActiveCfg = Release|x64
		{9A13F498-82D4-4EB1-8589-00F37CDCA930}.Release|x64.Build.0 = Release|x64
		{9A13F498-82D4-4EB1-8589-00F37CDCA930}.Release|x86.ActiveCfg = Release|Win32
		{9A13F498-82D4-4EB1-8589-00F37CDCA930}.Release|x86.Build.0 = Release|Win32
	EndGlobalSection
	GlobalSection(SolutionProperties) = preSolution
		HideSolutionNode = FALSE
	EndGlobalSection
	GlobalSection(ExtensibilityGlobals) = postSolution
		SolutionGuid = {E6EDD8EC-36E2-4CB9-93D8-F05BD8F912D1}
	EndGlobalSection
EndGlobal
